// !$*UTF8*$!
{
	archiveVersion = 1;
	classes = {
	};
	objectVersion = 50;
	objects = {

/* Begin PBXBuildFile section */
		0800993824A3675100B482DB /* HTTPTokenLoader.swift in Sources */ = {isa = PBXBuildFile; fileRef = 0800993724A3675100B482DB /* HTTPTokenLoader.swift */; };
		0800993A24A3678600B482DB /* TokenLoader.swift in Sources */ = {isa = PBXBuildFile; fileRef = 0800993924A3678600B482DB /* TokenLoader.swift */; };
		0800993E24A38D1A00B482DB /* AuthHTTPClient.swift in Sources */ = {isa = PBXBuildFile; fileRef = 0800993D24A38D1A00B482DB /* AuthHTTPClient.swift */; };
		0800994224A3922600B482DB /* ImagesLoader.swift in Sources */ = {isa = PBXBuildFile; fileRef = 0800994124A3922600B482DB /* ImagesLoader.swift */; };
		0800994424A393D000B482DB /* HTTPImagesLoader.swift in Sources */ = {isa = PBXBuildFile; fileRef = 0800994324A393D000B482DB /* HTTPImagesLoader.swift */; };
		0800994924A60CDF00B482DB /* AuthResult.swift in Sources */ = {isa = PBXBuildFile; fileRef = 0800994824A60CDF00B482DB /* AuthResult.swift */; };
		0800994B24A60DE200B482DB /* ImagesResult.swift in Sources */ = {isa = PBXBuildFile; fileRef = 0800994A24A60DE200B482DB /* ImagesResult.swift */; };
		0800994E24A6112100B482DB /* HTTPImageDetailsLoader.swift in Sources */ = {isa = PBXBuildFile; fileRef = 0800994D24A6112100B482DB /* HTTPImageDetailsLoader.swift */; };
		0800995024A6114100B482DB /* ImageDetailsLoader.swift in Sources */ = {isa = PBXBuildFile; fileRef = 0800994F24A6114100B482DB /* ImageDetailsLoader.swift */; };
		0800995224A6121A00B482DB /* ImageDetailsResult.swift in Sources */ = {isa = PBXBuildFile; fileRef = 0800995124A6121A00B482DB /* ImageDetailsResult.swift */; };
		0800995A24A613D400B482DB /* IntegratedUnitTests.swift in Sources */ = {isa = PBXBuildFile; fileRef = 0800995924A613D400B482DB /* IntegratedUnitTests.swift */; };
		0800995C24A613D400B482DB /* CoreLogic.framework in Frameworks */ = {isa = PBXBuildFile; fileRef = 086EC900248F97B1000DC746 /* CoreLogic.framework */; };
		0800996424AA69FB00B482DB /* ImageDataLoader.swift in Sources */ = {isa = PBXBuildFile; fileRef = 0800996324AA69FB00B482DB /* ImageDataLoader.swift */; };
		0800996624AA6A2000B482DB /* HTTPImageDataLoader.swift in Sources */ = {isa = PBXBuildFile; fileRef = 0800996524AA6A2000B482DB /* HTTPImageDataLoader.swift */; };
		0800996824AA6AC100B482DB /* LoaderTests.swift in Sources */ = {isa = PBXBuildFile; fileRef = 0800996724AA6AC100B482DB /* LoaderTests.swift */; };
		0800996A24AC8B2C00B482DB /* MockHTTPClient.swift in Sources */ = {isa = PBXBuildFile; fileRef = 0800996924AC8B2C00B482DB /* MockHTTPClient.swift */; };
		0800996E24ADDEBF00B482DB /* AuthHTTPClientTests.swift in Sources */ = {isa = PBXBuildFile; fileRef = 0800996D24ADDEBF00B482DB /* AuthHTTPClientTests.swift */; };
		0800997024ADE11500B482DB /* MockTokenLoader.swift in Sources */ = {isa = PBXBuildFile; fileRef = 0800996F24ADE11500B482DB /* MockTokenLoader.swift */; };
		086EC90A248F97B1000DC746 /* CoreLogic.framework in Frameworks */ = {isa = PBXBuildFile; fileRef = 086EC900248F97B1000DC746 /* CoreLogic.framework */; };
		086EC930248F9893000DC746 /* HTTPClient.swift in Sources */ = {isa = PBXBuildFile; fileRef = 086EC92F248F9893000DC746 /* HTTPClient.swift */; };
		086EC93A248FB616000DC746 /* NetworkManager.swift in Sources */ = {isa = PBXBuildFile; fileRef = 086EC939248FB616000DC746 /* NetworkManager.swift */; };
		086EC93C248FC3F1000DC746 /* ReponseTests.swift in Sources */ = {isa = PBXBuildFile; fileRef = 086EC93B248FC3F1000DC746 /* ReponseTests.swift */; };
		086EC940248FD970000DC746 /* MockURLSession.swift in Sources */ = {isa = PBXBuildFile; fileRef = 086EC93F248FD970000DC746 /* MockURLSession.swift */; };
		086EC942248FDADF000DC746 /* URLSessionProtocol.swift in Sources */ = {isa = PBXBuildFile; fileRef = 086EC941248FDADF000DC746 /* URLSessionProtocol.swift */; };
		086EC944248FDB81000DC746 /* URLSessionDataTaskProtocol.swift in Sources */ = {isa = PBXBuildFile; fileRef = 086EC943248FDB81000DC746 /* URLSessionDataTaskProtocol.swift */; };
		086EC946248FDDB1000DC746 /* MockURLSessionDataTask.swift in Sources */ = {isa = PBXBuildFile; fileRef = 086EC945248FDDB1000DC746 /* MockURLSessionDataTask.swift */; };
/* End PBXBuildFile section */

/* Begin PBXContainerItemProxy section */
		0800995D24A613D400B482DB /* PBXContainerItemProxy */ = {
			isa = PBXContainerItemProxy;
			containerPortal = 086EC8F7248F97B1000DC746 /* Project object */;
			proxyType = 1;
			remoteGlobalIDString = 086EC8FF248F97B1000DC746;
			remoteInfo = NetworkModule;
		};
		086EC90B248F97B1000DC746 /* PBXContainerItemProxy */ = {
			isa = PBXContainerItemProxy;
			containerPortal = 086EC8F7248F97B1000DC746 /* Project object */;
			proxyType = 1;
			remoteGlobalIDString = 086EC8FF248F97B1000DC746;
			remoteInfo = NetworkModule;
		};
/* End PBXContainerItemProxy section */

/* Begin PBXFileReference section */
		0800993724A3675100B482DB /* HTTPTokenLoader.swift */ = {isa = PBXFileReference; lastKnownFileType = sourcecode.swift; path = HTTPTokenLoader.swift; sourceTree = "<group>"; };
		0800993924A3678600B482DB /* TokenLoader.swift */ = {isa = PBXFileReference; lastKnownFileType = sourcecode.swift; path = TokenLoader.swift; sourceTree = "<group>"; };
		0800993D24A38D1A00B482DB /* AuthHTTPClient.swift */ = {isa = PBXFileReference; lastKnownFileType = sourcecode.swift; path = AuthHTTPClient.swift; sourceTree = "<group>"; };
		0800994124A3922600B482DB /* ImagesLoader.swift */ = {isa = PBXFileReference; lastKnownFileType = sourcecode.swift; path = ImagesLoader.swift; sourceTree = "<group>"; };
		0800994324A393D000B482DB /* HTTPImagesLoader.swift */ = {isa = PBXFileReference; lastKnownFileType = sourcecode.swift; path = HTTPImagesLoader.swift; sourceTree = "<group>"; };
		0800994824A60CDF00B482DB /* AuthResult.swift */ = {isa = PBXFileReference; lastKnownFileType = sourcecode.swift; path = AuthResult.swift; sourceTree = "<group>"; };
		0800994A24A60DE200B482DB /* ImagesResult.swift */ = {isa = PBXFileReference; lastKnownFileType = sourcecode.swift; path = ImagesResult.swift; sourceTree = "<group>"; };
		0800994D24A6112100B482DB /* HTTPImageDetailsLoader.swift */ = {isa = PBXFileReference; lastKnownFileType = sourcecode.swift; path = HTTPImageDetailsLoader.swift; sourceTree = "<group>"; };
		0800994F24A6114100B482DB /* ImageDetailsLoader.swift */ = {isa = PBXFileReference; lastKnownFileType = sourcecode.swift; path = ImageDetailsLoader.swift; sourceTree = "<group>"; };
		0800995124A6121A00B482DB /* ImageDetailsResult.swift */ = {isa = PBXFileReference; lastKnownFileType = sourcecode.swift; path = ImageDetailsResult.swift; sourceTree = "<group>"; };
		0800995724A613D400B482DB /* IntegratedUnitTests.xctest */ = {isa = PBXFileReference; explicitFileType = wrapper.cfbundle; includeInIndex = 0; path = IntegratedUnitTests.xctest; sourceTree = BUILT_PRODUCTS_DIR; };
		0800995924A613D400B482DB /* IntegratedUnitTests.swift */ = {isa = PBXFileReference; lastKnownFileType = sourcecode.swift; path = IntegratedUnitTests.swift; sourceTree = "<group>"; };
		0800995B24A613D400B482DB /* Info.plist */ = {isa = PBXFileReference; lastKnownFileType = text.plist.xml; path = Info.plist; sourceTree = "<group>"; };
		0800996324AA69FB00B482DB /* ImageDataLoader.swift */ = {isa = PBXFileReference; lastKnownFileType = sourcecode.swift; path = ImageDataLoader.swift; sourceTree = "<group>"; };
		0800996524AA6A2000B482DB /* HTTPImageDataLoader.swift */ = {isa = PBXFileReference; lastKnownFileType = sourcecode.swift; path = HTTPImageDataLoader.swift; sourceTree = "<group>"; };
		0800996724AA6AC100B482DB /* LoaderTests.swift */ = {isa = PBXFileReference; lastKnownFileType = sourcecode.swift; path = LoaderTests.swift; sourceTree = "<group>"; };
		0800996924AC8B2C00B482DB /* MockHTTPClient.swift */ = {isa = PBXFileReference; lastKnownFileType = sourcecode.swift; path = MockHTTPClient.swift; sourceTree = "<group>"; };
		0800996D24ADDEBF00B482DB /* AuthHTTPClientTests.swift */ = {isa = PBXFileReference; lastKnownFileType = sourcecode.swift; path = AuthHTTPClientTests.swift; sourceTree = "<group>"; };
		0800996F24ADE11500B482DB /* MockTokenLoader.swift */ = {isa = PBXFileReference; lastKnownFileType = sourcecode.swift; path = MockTokenLoader.swift; sourceTree = "<group>"; };
		086EC900248F97B1000DC746 /* CoreLogic.framework */ = {isa = PBXFileReference; explicitFileType = wrapper.framework; includeInIndex = 0; path = CoreLogic.framework; sourceTree = BUILT_PRODUCTS_DIR; };
		086EC904248F97B1000DC746 /* Info.plist */ = {isa = PBXFileReference; lastKnownFileType = text.plist.xml; path = Info.plist; sourceTree = "<group>"; };
		086EC909248F97B1000DC746 /* CoreLogicTests.xctest */ = {isa = PBXFileReference; explicitFileType = wrapper.cfbundle; includeInIndex = 0; path = CoreLogicTests.xctest; sourceTree = BUILT_PRODUCTS_DIR; };
		086EC910248F97B1000DC746 /* Info.plist */ = {isa = PBXFileReference; lastKnownFileType = text.plist.xml; path = Info.plist; sourceTree = "<group>"; };
		086EC92F248F9893000DC746 /* HTTPClient.swift */ = {isa = PBXFileReference; lastKnownFileType = sourcecode.swift; path = HTTPClient.swift; sourceTree = "<group>"; };
		086EC939248FB616000DC746 /* NetworkManager.swift */ = {isa = PBXFileReference; lastKnownFileType = sourcecode.swift; path = NetworkManager.swift; sourceTree = "<group>"; };
		086EC93B248FC3F1000DC746 /* ReponseTests.swift */ = {isa = PBXFileReference; lastKnownFileType = sourcecode.swift; path = ReponseTests.swift; sourceTree = "<group>"; };
		086EC93F248FD970000DC746 /* MockURLSession.swift */ = {isa = PBXFileReference; lastKnownFileType = sourcecode.swift; path = MockURLSession.swift; sourceTree = "<group>"; };
		086EC941248FDADF000DC746 /* URLSessionProtocol.swift */ = {isa = PBXFileReference; lastKnownFileType = sourcecode.swift; path = URLSessionProtocol.swift; sourceTree = "<group>"; };
		086EC943248FDB81000DC746 /* URLSessionDataTaskProtocol.swift */ = {isa = PBXFileReference; lastKnownFileType = sourcecode.swift; path = URLSessionDataTaskProtocol.swift; sourceTree = "<group>"; };
		086EC945248FDDB1000DC746 /* MockURLSessionDataTask.swift */ = {isa = PBXFileReference; lastKnownFileType = sourcecode.swift; path = MockURLSessionDataTask.swift; sourceTree = "<group>"; };
/* End PBXFileReference section */

/* Begin PBXFrameworksBuildPhase section */
		0800995424A613D400B482DB /* Frameworks */ = {
			isa = PBXFrameworksBuildPhase;
			buildActionMask = 2147483647;
			files = (
				0800995C24A613D400B482DB /* CoreLogic.framework in Frameworks */,
			);
			runOnlyForDeploymentPostprocessing = 0;
		};
		086EC8FD248F97B1000DC746 /* Frameworks */ = {
			isa = PBXFrameworksBuildPhase;
			buildActionMask = 2147483647;
			files = (
			);
			runOnlyForDeploymentPostprocessing = 0;
		};
		086EC906248F97B1000DC746 /* Frameworks */ = {
			isa = PBXFrameworksBuildPhase;
			buildActionMask = 2147483647;
			files = (
				086EC90A248F97B1000DC746 /* CoreLogic.framework in Frameworks */,
			);
			runOnlyForDeploymentPostprocessing = 0;
		};
/* End PBXFrameworksBuildPhase section */

/* Begin PBXGroup section */
		0800993F24A391FF00B482DB /* Token */ = {
			isa = PBXGroup;
			children = (
				0800993724A3675100B482DB /* HTTPTokenLoader.swift */,
				0800993924A3678600B482DB /* TokenLoader.swift */,
			);
			path = Token;
			sourceTree = "<group>";
		};
		0800994024A3920C00B482DB /* Images */ = {
			isa = PBXGroup;
			children = (
				0800994124A3922600B482DB /* ImagesLoader.swift */,
				0800994324A393D000B482DB /* HTTPImagesLoader.swift */,
			);
			path = Images;
			sourceTree = "<group>";
		};
		0800994C24A6110200B482DB /* ImageDetails */ = {
			isa = PBXGroup;
			children = (
				0800994D24A6112100B482DB /* HTTPImageDetailsLoader.swift */,
				0800994F24A6114100B482DB /* ImageDetailsLoader.swift */,
			);
			path = ImageDetails;
			sourceTree = "<group>";
		};
		0800995824A613D400B482DB /* IntegratedUnitTests */ = {
			isa = PBXGroup;
			children = (
				0800995924A613D400B482DB /* IntegratedUnitTests.swift */,
				0800995B24A613D400B482DB /* Info.plist */,
			);
			path = IntegratedUnitTests;
			sourceTree = "<group>";
		};
		0800996224AA69BF00B482DB /* ImageData */ = {
			isa = PBXGroup;
			children = (
				0800996324AA69FB00B482DB /* ImageDataLoader.swift */,
				0800996524AA6A2000B482DB /* HTTPImageDataLoader.swift */,
			);
			path = ImageData;
			sourceTree = "<group>";
		};
		086EC8F6248F97B1000DC746 = {
			isa = PBXGroup;
			children = (
				086EC902248F97B1000DC746 /* NetworkModule */,
				086EC90D248F97B1000DC746 /* NetworkModuleTests */,
				0800995824A613D400B482DB /* IntegratedUnitTests */,
				086EC901248F97B1000DC746 /* Products */,
			);
			sourceTree = "<group>";
		};
		086EC901248F97B1000DC746 /* Products */ = {
			isa = PBXGroup;
			children = (
				086EC900248F97B1000DC746 /* CoreLogic.framework */,
				086EC909248F97B1000DC746 /* CoreLogicTests.xctest */,
				0800995724A613D400B482DB /* IntegratedUnitTests.xctest */,
			);
			name = Products;
			sourceTree = "<group>";
		};
		086EC902248F97B1000DC746 /* NetworkModule */ = {
			isa = PBXGroup;
			children = (
				0800994824A60CDF00B482DB /* AuthResult.swift */,
				0800994A24A60DE200B482DB /* ImagesResult.swift */,
				0800995124A6121A00B482DB /* ImageDetailsResult.swift */,
				0800996224AA69BF00B482DB /* ImageData */,
				0800994C24A6110200B482DB /* ImageDetails */,
				0800994024A3920C00B482DB /* Images */,
				0800993F24A391FF00B482DB /* Token */,
				0800993D24A38D1A00B482DB /* AuthHTTPClient.swift */,
				086EC939248FB616000DC746 /* NetworkManager.swift */,
				086EC92F248F9893000DC746 /* HTTPClient.swift */,
				086EC904248F97B1000DC746 /* Info.plist */,
				086EC941248FDADF000DC746 /* URLSessionProtocol.swift */,
				086EC943248FDB81000DC746 /* URLSessionDataTaskProtocol.swift */,
			);
			path = NetworkModule;
			sourceTree = "<group>";
		};
		086EC90D248F97B1000DC746 /* NetworkModuleTests */ = {
			isa = PBXGroup;
			children = (
				086EC910248F97B1000DC746 /* Info.plist */,
				086EC93B248FC3F1000DC746 /* ReponseTests.swift */,
				0800996924AC8B2C00B482DB /* MockHTTPClient.swift */,
				086EC93F248FD970000DC746 /* MockURLSession.swift */,
				0800996F24ADE11500B482DB /* MockTokenLoader.swift */,
				0800996D24ADDEBF00B482DB /* AuthHTTPClientTests.swift */,
				086EC945248FDDB1000DC746 /* MockURLSessionDataTask.swift */,
				0800996724AA6AC100B482DB /* LoaderTests.swift */,
			);
			path = NetworkModuleTests;
			sourceTree = "<group>";
		};
/* End PBXGroup section */

/* Begin PBXHeadersBuildPhase section */
		086EC8FB248F97B1000DC746 /* Headers */ = {
			isa = PBXHeadersBuildPhase;
			buildActionMask = 2147483647;
			files = (
			);
			runOnlyForDeploymentPostprocessing = 0;
		};
/* End PBXHeadersBuildPhase section */

/* Begin PBXNativeTarget section */
		0800995624A613D400B482DB /* IntegratedUnitTests */ = {
			isa = PBXNativeTarget;
			buildConfigurationList = 0800995F24A613D400B482DB /* Build configuration list for PBXNativeTarget "IntegratedUnitTests" */;
			buildPhases = (
				0800995324A613D400B482DB /* Sources */,
				0800995424A613D400B482DB /* Frameworks */,
				0800995524A613D400B482DB /* Resources */,
			);
			buildRules = (
			);
			dependencies = (
				0800995E24A613D400B482DB /* PBXTargetDependency */,
			);
			name = IntegratedUnitTests;
			productName = IntegratedUnitTests;
			productReference = 0800995724A613D400B482DB /* IntegratedUnitTests.xctest */;
			productType = "com.apple.product-type.bundle.unit-test";
		};
		086EC8FF248F97B1000DC746 /* CoreLogic */ = {
			isa = PBXNativeTarget;
			buildConfigurationList = 086EC914248F97B1000DC746 /* Build configuration list for PBXNativeTarget "CoreLogic" */;
			buildPhases = (
				086EC8FB248F97B1000DC746 /* Headers */,
				086EC8FC248F97B1000DC746 /* Sources */,
				086EC8FD248F97B1000DC746 /* Frameworks */,
				086EC8FE248F97B1000DC746 /* Resources */,
			);
			buildRules = (
			);
			dependencies = (
			);
			name = CoreLogic;
			productName = NetworkModule;
			productReference = 086EC900248F97B1000DC746 /* CoreLogic.framework */;
			productType = "com.apple.product-type.framework";
		};
		086EC908248F97B1000DC746 /* CoreLogicTests */ = {
			isa = PBXNativeTarget;
			buildConfigurationList = 086EC917248F97B1000DC746 /* Build configuration list for PBXNativeTarget "CoreLogicTests" */;
			buildPhases = (
				086EC905248F97B1000DC746 /* Sources */,
				086EC906248F97B1000DC746 /* Frameworks */,
				086EC907248F97B1000DC746 /* Resources */,
			);
			buildRules = (
			);
			dependencies = (
				086EC90C248F97B1000DC746 /* PBXTargetDependency */,
			);
			name = CoreLogicTests;
			productName = NetworkModuleTests;
			productReference = 086EC909248F97B1000DC746 /* CoreLogicTests.xctest */;
			productType = "com.apple.product-type.bundle.unit-test";
		};
/* End PBXNativeTarget section */

/* Begin PBXProject section */
		086EC8F7248F97B1000DC746 /* Project object */ = {
			isa = PBXProject;
			attributes = {
				LastSwiftUpdateCheck = 1150;
				LastUpgradeCheck = 1150;
				ORGANIZATIONNAME = "Камиль Бакаев";
				TargetAttributes = {
					0800995624A613D400B482DB = {
						CreatedOnToolsVersion = 11.5;
					};
					086EC8FF248F97B1000DC746 = {
						CreatedOnToolsVersion = 11.5;
						LastSwiftMigration = 1150;
					};
					086EC908248F97B1000DC746 = {
						CreatedOnToolsVersion = 11.5;
					};
				};
			};
			buildConfigurationList = 086EC8FA248F97B1000DC746 /* Build configuration list for PBXProject "CoreLogic" */;
			compatibilityVersion = "Xcode 9.3";
			developmentRegion = en;
			hasScannedForEncodings = 0;
			knownRegions = (
				en,
				Base,
			);
			mainGroup = 086EC8F6248F97B1000DC746;
			productRefGroup = 086EC901248F97B1000DC746 /* Products */;
			projectDirPath = "";
			projectRoot = "";
			targets = (
				086EC8FF248F97B1000DC746 /* CoreLogic */,
				086EC908248F97B1000DC746 /* CoreLogicTests */,
				0800995624A613D400B482DB /* IntegratedUnitTests */,
			);
		};
/* End PBXProject section */

/* Begin PBXResourcesBuildPhase section */
		0800995524A613D400B482DB /* Resources */ = {
			isa = PBXResourcesBuildPhase;
			buildActionMask = 2147483647;
			files = (
			);
			runOnlyForDeploymentPostprocessing = 0;
		};
		086EC8FE248F97B1000DC746 /* Resources */ = {
			isa = PBXResourcesBuildPhase;
			buildActionMask = 2147483647;
			files = (
			);
			runOnlyForDeploymentPostprocessing = 0;
		};
		086EC907248F97B1000DC746 /* Resources */ = {
			isa = PBXResourcesBuildPhase;
			buildActionMask = 2147483647;
			files = (
			);
			runOnlyForDeploymentPostprocessing = 0;
		};
/* End PBXResourcesBuildPhase section */

/* Begin PBXSourcesBuildPhase section */
		0800995324A613D400B482DB /* Sources */ = {
			isa = PBXSourcesBuildPhase;
			buildActionMask = 2147483647;
			files = (
				0800995A24A613D400B482DB /* IntegratedUnitTests.swift in Sources */,
			);
			runOnlyForDeploymentPostprocessing = 0;
		};
		086EC8FC248F97B1000DC746 /* Sources */ = {
			isa = PBXSourcesBuildPhase;
			buildActionMask = 2147483647;
			files = (
				0800993A24A3678600B482DB /* TokenLoader.swift in Sources */,
				0800994B24A60DE200B482DB /* ImagesResult.swift in Sources */,
				086EC942248FDADF000DC746 /* URLSessionProtocol.swift in Sources */,
				0800994224A3922600B482DB /* ImagesLoader.swift in Sources */,
				086EC93A248FB616000DC746 /* NetworkManager.swift in Sources */,
				0800994424A393D000B482DB /* HTTPImagesLoader.swift in Sources */,
				0800996424AA69FB00B482DB /* ImageDataLoader.swift in Sources */,
				086EC944248FDB81000DC746 /* URLSessionDataTaskProtocol.swift in Sources */,
				0800996624AA6A2000B482DB /* HTTPImageDataLoader.swift in Sources */,
				0800994924A60CDF00B482DB /* AuthResult.swift in Sources */,
				0800995024A6114100B482DB /* ImageDetailsLoader.swift in Sources */,
				086EC930248F9893000DC746 /* HTTPClient.swift in Sources */,
				0800993E24A38D1A00B482DB /* AuthHTTPClient.swift in Sources */,
				0800995224A6121A00B482DB /* ImageDetailsResult.swift in Sources */,
				0800993824A3675100B482DB /* HTTPTokenLoader.swift in Sources */,
				0800994E24A6112100B482DB /* HTTPImageDetailsLoader.swift in Sources */,
			);
			runOnlyForDeploymentPostprocessing = 0;
		};
		086EC905248F97B1000DC746 /* Sources */ = {
			isa = PBXSourcesBuildPhase;
			buildActionMask = 2147483647;
			files = (
				086EC940248FD970000DC746 /* MockURLSession.swift in Sources */,
				0800996A24AC8B2C00B482DB /* MockHTTPClient.swift in Sources */,
				0800996E24ADDEBF00B482DB /* AuthHTTPClientTests.swift in Sources */,
				086EC946248FDDB1000DC746 /* MockURLSessionDataTask.swift in Sources */,
				0800997024ADE11500B482DB /* MockTokenLoader.swift in Sources */,
				0800996824AA6AC100B482DB /* LoaderTests.swift in Sources */,
				086EC93C248FC3F1000DC746 /* ReponseTests.swift in Sources */,
			);
			runOnlyForDeploymentPostprocessing = 0;
		};
/* End PBXSourcesBuildPhase section */

/* Begin PBXTargetDependency section */
		0800995E24A613D400B482DB /* PBXTargetDependency */ = {
			isa = PBXTargetDependency;
			target = 086EC8FF248F97B1000DC746 /* CoreLogic */;
			targetProxy = 0800995D24A613D400B482DB /* PBXContainerItemProxy */;
		};
		086EC90C248F97B1000DC746 /* PBXTargetDependency */ = {
			isa = PBXTargetDependency;
			target = 086EC8FF248F97B1000DC746 /* CoreLogic */;
			targetProxy = 086EC90B248F97B1000DC746 /* PBXContainerItemProxy */;
		};
/* End PBXTargetDependency section */

/* Begin XCBuildConfiguration section */
		0800996024A613D400B482DB /* Debug */ = {
			isa = XCBuildConfiguration;
			buildSettings = {
				CODE_SIGN_STYLE = Automatic;
				COMBINE_HIDPI_IMAGES = YES;
				INFOPLIST_FILE = IntegratedUnitTests/Info.plist;
				LD_RUNPATH_SEARCH_PATHS = (
					"$(inherited)",
					"@executable_path/../Frameworks",
					"@loader_path/../Frameworks",
				);
				PRODUCT_BUNDLE_IDENTIFIER = com.millwright.IntegratedUnitTests;
				PRODUCT_NAME = "$(TARGET_NAME)";
				SWIFT_VERSION = 5.0;
			};
			name = Debug;
		};
		0800996124A613D400B482DB /* Release */ = {
			isa = XCBuildConfiguration;
			buildSettings = {
				CODE_SIGN_STYLE = Automatic;
				COMBINE_HIDPI_IMAGES = YES;
				INFOPLIST_FILE = IntegratedUnitTests/Info.plist;
				LD_RUNPATH_SEARCH_PATHS = (
					"$(inherited)",
					"@executable_path/../Frameworks",
					"@loader_path/../Frameworks",
				);
				PRODUCT_BUNDLE_IDENTIFIER = com.millwright.IntegratedUnitTests;
				PRODUCT_NAME = "$(TARGET_NAME)";
				SWIFT_VERSION = 5.0;
			};
			name = Release;
		};
		086EC912248F97B1000DC746 /* Debug */ = {
			isa = XCBuildConfiguration;
			buildSettings = {
				ALWAYS_SEARCH_USER_PATHS = NO;
				CLANG_ANALYZER_NONNULL = YES;
				CLANG_ANALYZER_NUMBER_OBJECT_CONVERSION = YES_AGGRESSIVE;
				CLANG_CXX_LANGUAGE_STANDARD = "gnu++14";
				CLANG_CXX_LIBRARY = "libc++";
				CLANG_ENABLE_MODULES = YES;
				CLANG_ENABLE_OBJC_ARC = YES;
				CLANG_ENABLE_OBJC_WEAK = YES;
				CLANG_WARN_BLOCK_CAPTURE_AUTORELEASING = YES;
				CLANG_WARN_BOOL_CONVERSION = YES;
				CLANG_WARN_COMMA = YES;
				CLANG_WARN_CONSTANT_CONVERSION = YES;
				CLANG_WARN_DEPRECATED_OBJC_IMPLEMENTATIONS = YES;
				CLANG_WARN_DIRECT_OBJC_ISA_USAGE = YES_ERROR;
				CLANG_WARN_DOCUMENTATION_COMMENTS = YES;
				CLANG_WARN_EMPTY_BODY = YES;
				CLANG_WARN_ENUM_CONVERSION = YES;
				CLANG_WARN_INFINITE_RECURSION = YES;
				CLANG_WARN_INT_CONVERSION = YES;
				CLANG_WARN_NON_LITERAL_NULL_CONVERSION = YES;
				CLANG_WARN_OBJC_IMPLICIT_RETAIN_SELF = YES;
				CLANG_WARN_OBJC_LITERAL_CONVERSION = YES;
				CLANG_WARN_OBJC_ROOT_CLASS = YES_ERROR;
				CLANG_WARN_RANGE_LOOP_ANALYSIS = YES;
				CLANG_WARN_STRICT_PROTOTYPES = YES;
				CLANG_WARN_SUSPICIOUS_MOVE = YES;
				CLANG_WARN_UNGUARDED_AVAILABILITY = YES_AGGRESSIVE;
				CLANG_WARN_UNREACHABLE_CODE = YES;
				CLANG_WARN__DUPLICATE_METHOD_MATCH = YES;
				COPY_PHASE_STRIP = NO;
				CURRENT_PROJECT_VERSION = 1;
				DEBUG_INFORMATION_FORMAT = dwarf;
				ENABLE_STRICT_OBJC_MSGSEND = YES;
				ENABLE_TESTABILITY = YES;
				GCC_C_LANGUAGE_STANDARD = gnu11;
				GCC_DYNAMIC_NO_PIC = NO;
				GCC_NO_COMMON_BLOCKS = YES;
				GCC_OPTIMIZATION_LEVEL = 0;
				GCC_PREPROCESSOR_DEFINITIONS = (
					"DEBUG=1",
					"$(inherited)",
				);
				GCC_WARN_64_TO_32_BIT_CONVERSION = YES;
				GCC_WARN_ABOUT_RETURN_TYPE = YES_ERROR;
				GCC_WARN_UNDECLARED_SELECTOR = YES;
				GCC_WARN_UNINITIALIZED_AUTOS = YES_AGGRESSIVE;
				GCC_WARN_UNUSED_FUNCTION = YES;
				GCC_WARN_UNUSED_VARIABLE = YES;
				MACOSX_DEPLOYMENT_TARGET = 10.15;
				MTL_ENABLE_DEBUG_INFO = INCLUDE_SOURCE;
				MTL_FAST_MATH = YES;
				ONLY_ACTIVE_ARCH = YES;
				SDKROOT = macosx;
				SWIFT_ACTIVE_COMPILATION_CONDITIONS = DEBUG;
				SWIFT_OPTIMIZATION_LEVEL = "-Onone";
				VERSIONING_SYSTEM = "apple-generic";
				VERSION_INFO_PREFIX = "";
			};
			name = Debug;
		};
		086EC913248F97B1000DC746 /* Release */ = {
			isa = XCBuildConfiguration;
			buildSettings = {
				ALWAYS_SEARCH_USER_PATHS = NO;
				CLANG_ANALYZER_NONNULL = YES;
				CLANG_ANALYZER_NUMBER_OBJECT_CONVERSION = YES_AGGRESSIVE;
				CLANG_CXX_LANGUAGE_STANDARD = "gnu++14";
				CLANG_CXX_LIBRARY = "libc++";
				CLANG_ENABLE_MODULES = YES;
				CLANG_ENABLE_OBJC_ARC = YES;
				CLANG_ENABLE_OBJC_WEAK = YES;
				CLANG_WARN_BLOCK_CAPTURE_AUTORELEASING = YES;
				CLANG_WARN_BOOL_CONVERSION = YES;
				CLANG_WARN_COMMA = YES;
				CLANG_WARN_CONSTANT_CONVERSION = YES;
				CLANG_WARN_DEPRECATED_OBJC_IMPLEMENTATIONS = YES;
				CLANG_WARN_DIRECT_OBJC_ISA_USAGE = YES_ERROR;
				CLANG_WARN_DOCUMENTATION_COMMENTS = YES;
				CLANG_WARN_EMPTY_BODY = YES;
				CLANG_WARN_ENUM_CONVERSION = YES;
				CLANG_WARN_INFINITE_RECURSION = YES;
				CLANG_WARN_INT_CONVERSION = YES;
				CLANG_WARN_NON_LITERAL_NULL_CONVERSION = YES;
				CLANG_WARN_OBJC_IMPLICIT_RETAIN_SELF = YES;
				CLANG_WARN_OBJC_LITERAL_CONVERSION = YES;
				CLANG_WARN_OBJC_ROOT_CLASS = YES_ERROR;
				CLANG_WARN_RANGE_LOOP_ANALYSIS = YES;
				CLANG_WARN_STRICT_PROTOTYPES = YES;
				CLANG_WARN_SUSPICIOUS_MOVE = YES;
				CLANG_WARN_UNGUARDED_AVAILABILITY = YES_AGGRESSIVE;
				CLANG_WARN_UNREACHABLE_CODE = YES;
				CLANG_WARN__DUPLICATE_METHOD_MATCH = YES;
				COPY_PHASE_STRIP = NO;
				CURRENT_PROJECT_VERSION = 1;
				DEBUG_INFORMATION_FORMAT = "dwarf-with-dsym";
				ENABLE_NS_ASSERTIONS = NO;
				ENABLE_STRICT_OBJC_MSGSEND = YES;
				GCC_C_LANGUAGE_STANDARD = gnu11;
				GCC_NO_COMMON_BLOCKS = YES;
				GCC_WARN_64_TO_32_BIT_CONVERSION = YES;
				GCC_WARN_ABOUT_RETURN_TYPE = YES_ERROR;
				GCC_WARN_UNDECLARED_SELECTOR = YES;
				GCC_WARN_UNINITIALIZED_AUTOS = YES_AGGRESSIVE;
				GCC_WARN_UNUSED_FUNCTION = YES;
				GCC_WARN_UNUSED_VARIABLE = YES;
				MACOSX_DEPLOYMENT_TARGET = 10.15;
				MTL_ENABLE_DEBUG_INFO = NO;
				MTL_FAST_MATH = YES;
				SDKROOT = macosx;
				SWIFT_COMPILATION_MODE = wholemodule;
				SWIFT_OPTIMIZATION_LEVEL = "-O";
				VERSIONING_SYSTEM = "apple-generic";
				VERSION_INFO_PREFIX = "";
			};
			name = Release;
		};
		086EC915248F97B1000DC746 /* Debug */ = {
			isa = XCBuildConfiguration;
			buildSettings = {
				CLANG_ENABLE_MODULES = YES;
				CODE_SIGN_IDENTITY = "Apple Development";
				CODE_SIGN_STYLE = Automatic;
				COMBINE_HIDPI_IMAGES = YES;
				DEFINES_MODULE = YES;
				DEVELOPMENT_TEAM = 7D8KRJN92K;
				DYLIB_COMPATIBILITY_VERSION = 1;
				DYLIB_CURRENT_VERSION = 1;
				DYLIB_INSTALL_NAME_BASE = "@rpath";
				INFOPLIST_FILE = NetworkModule/Info.plist;
				INSTALL_PATH = "$(LOCAL_LIBRARY_DIR)/Frameworks";
				LD_RUNPATH_SEARCH_PATHS = (
					"$(inherited)",
					"@executable_path/../Frameworks",
					"@loader_path/Frameworks",
				);
				PRODUCT_BUNDLE_IDENTIFIER = com.millwright.NetworkModule;
				PRODUCT_NAME = "$(TARGET_NAME:c99extidentifier)";
				SKIP_INSTALL = YES;
				SUPPORTED_PLATFORMS = "iphonesimulator iphoneos macosx";
				SWIFT_OPTIMIZATION_LEVEL = "-Onone";
				SWIFT_VERSION = 5.0;
			};
			name = Debug;
		};
		086EC916248F97B1000DC746 /* Release */ = {
			isa = XCBuildConfiguration;
			buildSettings = {
				CLANG_ENABLE_MODULES = YES;
				CODE_SIGN_IDENTITY = "Apple Development";
				CODE_SIGN_STYLE = Automatic;
				COMBINE_HIDPI_IMAGES = YES;
				DEFINES_MODULE = YES;
				DEVELOPMENT_TEAM = 7D8KRJN92K;
				DYLIB_COMPATIBILITY_VERSION = 1;
				DYLIB_CURRENT_VERSION = 1;
				DYLIB_INSTALL_NAME_BASE = "@rpath";
				INFOPLIST_FILE = NetworkModule/Info.plist;
				INSTALL_PATH = "$(LOCAL_LIBRARY_DIR)/Frameworks";
				LD_RUNPATH_SEARCH_PATHS = (
					"$(inherited)",
					"@executable_path/../Frameworks",
					"@loader_path/Frameworks",
				);
				PRODUCT_BUNDLE_IDENTIFIER = com.millwright.NetworkModule;
				PRODUCT_NAME = "$(TARGET_NAME:c99extidentifier)";
				SKIP_INSTALL = YES;
				SUPPORTED_PLATFORMS = "iphonesimulator iphoneos macosx";
				SWIFT_VERSION = 5.0;
			};
			name = Release;
		};
		086EC918248F97B1000DC746 /* Debug */ = {
			isa = XCBuildConfiguration;
			buildSettings = {
				ALWAYS_EMBED_SWIFT_STANDARD_LIBRARIES = YES;
				CODE_SIGN_STYLE = Automatic;
				COMBINE_HIDPI_IMAGES = YES;
				INFOPLIST_FILE = NetworkModuleTests/Info.plist;
				LD_RUNPATH_SEARCH_PATHS = (
					"$(inherited)",
					"@executable_path/../Frameworks",
					"@loader_path/../Frameworks",
				);
				PRODUCT_BUNDLE_IDENTIFIER = com.millwright.NetworkModuleTests;
				PRODUCT_NAME = "$(TARGET_NAME)";
				SWIFT_VERSION = 5.0;
			};
			name = Debug;
		};
		086EC919248F97B1000DC746 /* Release */ = {
			isa = XCBuildConfiguration;
			buildSettings = {
				ALWAYS_EMBED_SWIFT_STANDARD_LIBRARIES = YES;
				CODE_SIGN_STYLE = Automatic;
				COMBINE_HIDPI_IMAGES = YES;
				INFOPLIST_FILE = NetworkModuleTests/Info.plist;
				LD_RUNPATH_SEARCH_PATHS = (
					"$(inherited)",
					"@executable_path/../Frameworks",
					"@loader_path/../Frameworks",
				);
				PRODUCT_BUNDLE_IDENTIFIER = com.millwright.NetworkModuleTests;
				PRODUCT_NAME = "$(TARGET_NAME)";
				SWIFT_VERSION = 5.0;
			};
			name = Release;
		};
/* End XCBuildConfiguration section */

/* Begin XCConfigurationList section */
		0800995F24A613D400B482DB /* Build configuration list for PBXNativeTarget "IntegratedUnitTests" */ = {
			isa = XCConfigurationList;
			buildConfigurations = (
				0800996024A613D400B482DB /* Debug */,
				0800996124A613D400B482DB /* Release */,
			);
			defaultConfigurationIsVisible = 0;
			defaultConfigurationName = Release;
		};
		086EC8FA248F97B1000DC746 /* Build configuration list for PBXProject "CoreLogic" */ = {
			isa = XCConfigurationList;
			buildConfigurations = (
				086EC912248F97B1000DC746 /* Debug */,
				086EC913248F97B1000DC746 /* Release */,
			);
			defaultConfigurationIsVisible = 0;
			defaultConfigurationName = Release;
		};
		086EC914248F97B1000DC746 /* Build configuration list for PBXNativeTarget "CoreLogic" */ = {
			isa = XCConfigurationList;
			buildConfigurations = (
				086EC915248F97B1000DC746 /* Debug */,
				086EC916248F97B1000DC746 /* Release */,
			);
			defaultConfigurationIsVisible = 0;
			defaultConfigurationName = Release;
		};
		086EC917248F97B1000DC746 /* Build configuration list for PBXNativeTarget "CoreLogicTests" */ = {
			isa = XCConfigurationList;
			buildConfigurations = (
				086EC918248F97B1000DC746 /* Debug */,
				086EC919248F97B1000DC746 /* Release */,
			);
			defaultConfigurationIsVisible = 0;
			defaultConfigurationName = Release;
		};
/* End XCConfigurationList section */
	};
	rootObject = 086EC8F7248F97B1000DC746 /* Project object */;
}
